
Microsoft Visual Studio Solution File, Format Version 12.00
# Visual Studio 15
VisualStudioVersion = 15.0.28307.1300
MinimumVisualStudioVersion = 10.0.40219.1
Project("{FAE04EC0-301F-11D3-BF4B-00C04F79EFBC}") = "iamReader", "iamReader\iamReader.csproj", "{2CA2C10B-501F-40EB-A090-7BB6368DF750}"
EndProject
Global
	GlobalSection(SolutionConfigurationPlatforms) = preSolution
		Debug|Any CPU = Debug|Any CPU
		Release|Any CPU = Release|Any CPU
	EndGlobalSection
	GlobalSection(ProjectConfigurationPlatforms) = postSolution
		{2CA2C10B-501F-40EB-A090-7BB6368DF750}.Debug|Any CPU.ActiveCfg = Debug|Any CPU
		{2CA2C10B-501F-40EB-A090-7BB6368DF750}.Debug|Any CPU.Build.0 = Debug|Any CPU
		{2CA2C10B-501F-40EB-A090-7BB6368DF750}.Release|Any CPU.ActiveCfg = Release|Any CPU
		{2CA2C10B-501F-40EB-A090-7BB6368DF750}.Release|Any CPU.Build.0 = Release|Any CPU
	EndGlobalSection
	GlobalSection(SolutionProperties) = preSolution
		HideSolutionNode = FALSE
	EndGlobalSection
	GlobalSection(ExtensibilityGlobals) = postSolution
		SolutionGuid = {01E9DE6F-9F93-477B-BDAB-21A398742BCC}
	EndGlobalSection
EndGlobal
